
Microsoft Visual Studio Solution File, Format Version 12.00
# Visual Studio Version 17
VisualStudioVersion = 17.10.35027.167
MinimumVisualStudioVersion = 10.0.40219.1
Project("{9A19103F-16F7-4668-BE54-9A1E7A4F7556}") = "Hexa.NET.Math", "Hexa.NET.Math\Hexa.NET.Math.csproj", "{E10B41FE-6667-423A-98D9-0E9400DBA1ED}"
EndProject
Project("{FAE04EC0-301F-11D3-BF4B-00C04F79EFBC}") = "TestApp", "TestApp\TestApp.csproj", "{2823A799-2D1D-4487-8A96-B6DDA86D71F4}"
EndProject
Global
	GlobalSection(SolutionConfigurationPlatforms) = preSolution
		Debug|Any CPU = Debug|Any CPU
		Minimal|Any CPU = Minimal|Any CPU
		Release|Any CPU = Release|Any CPU
	EndGlobalSection
	GlobalSection(ProjectConfigurationPlatforms) = postSolution
		{E10B41FE-6667-423A-98D9-0E9400DBA1ED}.Debug|Any CPU.ActiveCfg = Debug|Any CPU
		{E10B41FE-6667-423A-98D9-0E9400DBA1ED}.Debug|Any CPU.Build.0 = Debug|Any CPU
		{E10B41FE-6667-423A-98D9-0E9400DBA1ED}.Minimal|Any CPU.ActiveCfg = Minimal|Any CPU
		{E10B41FE-6667-423A-98D9-0E9400DBA1ED}.Minimal|Any CPU.Build.0 = Minimal|Any CPU
		{E10B41FE-6667-423A-98D9-0E9400DBA1ED}.Release|Any CPU.ActiveCfg = Release|Any CPU
		{E10B41FE-6667-423A-98D9-0E9400DBA1ED}.Release|Any CPU.Build.0 = Release|Any CPU
		{2823A799-2D1D-4487-8A96-B6DDA86D71F4}.Debug|Any CPU.ActiveCfg = Debug|Any CPU
		{2823A799-2D1D-4487-8A96-B6DDA86D71F4}.Debug|Any CPU.Build.0 = Debug|Any CPU
		{2823A799-2D1D-4487-8A96-B6DDA86D71F4}.Minimal|Any CPU.ActiveCfg = Debug|Any CPU
		{2823A799-2D1D-4487-8A96-B6DDA86D71F4}.Minimal|Any CPU.Build.0 = Debug|Any CPU
		{2823A799-2D1D-4487-8A96-B6DDA86D71F4}.Release|Any CPU.ActiveCfg = Release|Any CPU
		{2823A799-2D1D-4487-8A96-B6DDA86D71F4}.Release|Any CPU.Build.0 = Release|Any CPU
	EndGlobalSection
	GlobalSection(SolutionProperties) = preSolution
		HideSolutionNode = FALSE
	EndGlobalSection
	GlobalSection(ExtensibilityGlobals) = postSolution
		SolutionGuid = {CAE93244-8755-4AF0-BC21-41BD7BD5BA00}
	EndGlobalSection
EndGlobal
